
Microsoft Visual Studio Solution File, Format Version 12.00
# Visual Studio Version 16
VisualStudioVersion = 25.0.1705.1
MinimumVisualStudioVersion = 10.0.40219.1
Project("{FAE04EC0-301F-11D3-BF4B-00C04F79EFBC}") = "ExtensionMethods", "ExtensionMethods\ExtensionMethods.csproj", "{6BCE8707-7AC0-45C6-9491-9668D120E997}"
EndProject
Global
	GlobalSection(SolutionConfigurationPlatforms) = preSolution
		Debug|Any CPU = Debug|Any CPU
		Release|Any CPU = Release|Any CPU
	EndGlobalSection
	GlobalSection(ProjectConfigurationPlatforms) = postSolution
		{6BCE8707-7AC0-45C6-9491-9668D120E997}.Debug|Any CPU.ActiveCfg = Debug|Any CPU
		{6BCE8707-7AC0-45C6-9491-9668D120E997}.Debug|Any CPU.Build.0 = Debug|Any CPU
		{6BCE8707-7AC0-45C6-9491-9668D120E997}.Release|Any CPU.ActiveCfg = Release|Any CPU
		{6BCE8707-7AC0-45C6-9491-9668D120E997}.Release|Any CPU.Build.0 = Release|Any CPU
	EndGlobalSection
	GlobalSection(SolutionProperties) = preSolution
		HideSolutionNode = FALSE
	EndGlobalSection
	GlobalSection(ExtensibilityGlobals) = postSolution
		SolutionGuid = {1786E31B-1B6C-494E-816E-06D6F1C76222}
	EndGlobalSection
EndGlobal
